Microsoft Visual Studio Solution File, Format Version 12.00
# Visual Studio Version 17
VisualStudioVersion = 17.5.2.0
MinimumVisualStudioVersion = 10.0.40219.1
Project("{FAE04EC0-301F-11D3-BF4B-00C04F79EFBC}") = "SqlExercise", "SqlExercise.csproj", "{2F7117F8-6219-5A37-F8FF-3E759EEDB52A}"
EndProject
Global
	GlobalSection(SolutionConfigurationPlatforms) = preSolution
		Debug|Any CPU = Debug|Any CPU
		Release|Any CPU = Release|Any CPU
	EndGlobalSection
	GlobalSection(ProjectConfigurationPlatforms) = postSolution
		{2F7117F8-6219-5A37-F8FF-3E759EEDB52A}.Debug|Any CPU.ActiveCfg = Debug|Any CPU
		{2F7117F8-6219-5A37-F8FF-3E759EEDB52A}.Debug|Any CPU.Build.0 = Debug|Any CPU
		{2F7117F8-6219-5A37-F8FF-3E759EEDB52A}.Release|Any CPU.ActiveCfg = Release|Any CPU
		{2F7117F8-6219-5A37-F8FF-3E759EEDB52A}.Release|Any CPU.Build.0 = Release|Any CPU
	EndGlobalSection
	GlobalSection(SolutionProperties) = preSolution
		HideSolutionNode = FALSE
	EndGlobalSection
	GlobalSection(ExtensibilityGlobals) = postSolution
		SolutionGuid = {BDB5DB1F-3C3A-47AD-8D19-00FCB4474E14}
	EndGlobalSection
EndGlobal
