
Microsoft Visual Studio Solution File, Format Version 12.00
# Visual Studio Version 17
VisualStudioVersion = 17.5.2.0
MinimumVisualStudioVersion = 10.0.40219.1
Project("{FAE04EC0-301F-11D3-BF4B-00C04F79EFBC}") = "SqlExercise", "SqlExercise.csproj", "{2F7117F8-6219-5A37-F8FF-3E759EEDB52A}"
EndProject
Project("{FAE04EC0-301F-11D3-BF4B-00C04F79EFBC}") = "TTS-WebApp", "..\..\..\..\TTS-WebApp\TTS-WebApp\TTS-WebApp.csproj", "{E0AE010B-4AA7-4FA4-A361-EC04758CDDF3}"
EndProject
Project("{FAE04EC0-301F-11D3-BF4B-00C04F79EFBC}") = "LinearDataStructures", "..\..\..\07_Data_Algorithms\LinearDataStructures\LinearDataStructures\LinearDataStructures.csproj", "{8F324051-B752-45CA-961B-3C2B9BAD59FA}"
EndProject
Global
	GlobalSection(SolutionConfigurationPlatforms) = preSolution
		Debug|Any CPU = Debug|Any CPU
		Debug|x64 = Debug|x64
		Debug|x86 = Debug|x86
		Release|Any CPU = Release|Any CPU
		Release|x64 = Release|x64
		Release|x86 = Release|x86
	EndGlobalSection
	GlobalSection(ProjectConfigurationPlatforms) = postSolution
		{2F7117F8-6219-5A37-F8FF-3E759EEDB52A}.Debug|Any CPU.ActiveCfg = Debug|Any CPU
		{2F7117F8-6219-5A37-F8FF-3E759EEDB52A}.Debug|Any CPU.Build.0 = Debug|Any CPU
		{2F7117F8-6219-5A37-F8FF-3E759EEDB52A}.Debug|x64.ActiveCfg = Debug|Any CPU
		{2F7117F8-6219-5A37-F8FF-3E759EEDB52A}.Debug|x64.Build.0 = Debug|Any CPU
		{2F7117F8-6219-5A37-F8FF-3E759EEDB52A}.Debug|x86.ActiveCfg = Debug|Any CPU
		{2F7117F8-6219-5A37-F8FF-3E759EEDB52A}.Debug|x86.Build.0 = Debug|Any CPU
		{2F7117F8-6219-5A37-F8FF-3E759EEDB52A}.Release|Any CPU.ActiveCfg = Release|Any CPU
		{2F7117F8-6219-5A37-F8FF-3E759EEDB52A}.Release|Any CPU.Build.0 = Release|Any CPU
		{2F7117F8-6219-5A37-F8FF-3E759EEDB52A}.Release|x64.ActiveCfg = Release|Any CPU
		{2F7117F8-6219-5A37-F8FF-3E759EEDB52A}.Release|x64.Build.0 = Release|Any CPU
		{2F7117F8-6219-5A37-F8FF-3E759EEDB52A}.Release|x86.ActiveCfg = Release|Any CPU
		{2F7117F8-6219-5A37-F8FF-3E759EEDB52A}.Release|x86.Build.0 = Release|Any CPU
		{E0AE010B-4AA7-4FA4-A361-EC04758CDDF3}.Debug|Any CPU.ActiveCfg = Debug|Any CPU
		{E0AE010B-4AA7-4FA4-A361-EC04758CDDF3}.Debug|Any CPU.Build.0 = Debug|Any CPU
		{E0AE010B-4AA7-4FA4-A361-EC04758CDDF3}.Debug|x64.ActiveCfg = Debug|Any CPU
		{E0AE010B-4AA7-4FA4-A361-EC04758CDDF3}.Debug|x64.Build.0 = Debug|Any CPU
		{E0AE010B-4AA7-4FA4-A361-EC04758CDDF3}.Debug|x86.ActiveCfg = Debug|Any CPU
		{E0AE010B-4AA7-4FA4-A361-EC04758CDDF3}.Debug|x86.Build.0 = Debug|Any CPU
		{E0AE010B-4AA7-4FA4-A361-EC04758CDDF3}.Release|Any CPU.ActiveCfg = Release|Any CPU
		{E0AE010B-4AA7-4FA4-A361-EC04758CDDF3}.Release|Any CPU.Build.0 = Release|Any CPU
		{E0AE010B-4AA7-4FA4-A361-EC04758CDDF3}.Release|x64.ActiveCfg = Release|Any CPU
		{E0AE010B-4AA7-4FA4-A361-EC04758CDDF3}.Release|x64.Build.0 = Release|Any CPU
		{E0AE010B-4AA7-4FA4-A361-EC04758CDDF3}.Release|x86.ActiveCfg = Release|Any CPU
		{E0AE010B-4AA7-4FA4-A361-EC04758CDDF3}.Release|x86.Build.0 = Release|Any CPU
		{8F324051-B752-45CA-961B-3C2B9BAD59FA}.Debug|Any CPU.ActiveCfg = Debug|Any CPU
		{8F324051-B752-45CA-961B-3C2B9BAD59FA}.Debug|Any CPU.Build.0 = Debug|Any CPU
		{8F324051-B752-45CA-961B-3C2B9BAD59FA}.Debug|x64.ActiveCfg = Debug|Any CPU
		{8F324051-B752-45CA-961B-3C2B9BAD59FA}.Debug|x64.Build.0 = Debug|Any CPU
		{8F324051-B752-45CA-961B-3C2B9BAD59FA}.Debug|x86.ActiveCfg = Debug|Any CPU
		{8F324051-B752-45CA-961B-3C2B9BAD59FA}.Debug|x86.Build.0 = Debug|Any CPU
		{8F324051-B752-45CA-961B-3C2B9BAD59FA}.Release|Any CPU.ActiveCfg = Release|Any CPU
		{8F324051-B752-45CA-961B-3C2B9BAD59FA}.Release|Any CPU.Build.0 = Release|Any CPU
		{8F324051-B752-45CA-961B-3C2B9BAD59FA}.Release|x64.ActiveCfg = Release|Any CPU
		{8F324051-B752-45CA-961B-3C2B9BAD59FA}.Release|x64.Build.0 = Release|Any CPU
		{8F324051-B752-45CA-961B-3C2B9BAD59FA}.Release|x86.ActiveCfg = Release|Any CPU
		{8F324051-B752-45CA-961B-3C2B9BAD59FA}.Release|x86.Build.0 = Release|Any CPU
	EndGlobalSection
	GlobalSection(SolutionProperties) = preSolution
		HideSolutionNode = FALSE
	EndGlobalSection
	GlobalSection(ExtensibilityGlobals) = postSolution
		SolutionGuid = {BDB5DB1F-3C3A-47AD-8D19-00FCB4474E14}
	EndGlobalSection
EndGlobal
