Microsoft Visual Studio Solution File, Format Version 12.00
# Visual Studio Version 17
VisualStudioVersion = 17.5.2.0
MinimumVisualStudioVersion = 10.0.40219.1
Project("{FAE04EC0-301F-11D3-BF4B-00C04F79EFBC}") = "EFCoreModelApp", "EFCoreModelApp.csproj", "{75FB7C68-EF40-10D6-A8DA-A7698B7477EF}"
EndProject
Global
	GlobalSection(SolutionConfigurationPlatforms) = preSolution
		Debug|Any CPU = Debug|Any CPU
		Release|Any CPU = Release|Any CPU
	EndGlobalSection
	GlobalSection(ProjectConfigurationPlatforms) = postSolution
		{75FB7C68-EF40-10D6-A8DA-A7698B7477EF}.Debug|Any CPU.ActiveCfg = Debug|Any CPU
		{75FB7C68-EF40-10D6-A8DA-A7698B7477EF}.Debug|Any CPU.Build.0 = Debug|Any CPU
		{75FB7C68-EF40-10D6-A8DA-A7698B7477EF}.Release|Any CPU.ActiveCfg = Release|Any CPU
		{75FB7C68-EF40-10D6-A8DA-A7698B7477EF}.Release|Any CPU.Build.0 = Release|Any CPU
	EndGlobalSection
	GlobalSection(SolutionProperties) = preSolution
		HideSolutionNode = FALSE
	EndGlobalSection
	GlobalSection(ExtensibilityGlobals) = postSolution
		SolutionGuid = {10449717-974C-4BEB-8A39-F1061E345EF4}
	EndGlobalSection
EndGlobal
